
Microsoft Visual Studio Solution File, Format Version 12.00
# Visual Studio Version 17
VisualStudioVersion = 17.9.34723.18
MinimumVisualStudioVersion = 10.0.40219.1
Project("{FAE04EC0-301F-11D3-BF4B-00C04F79EFBC}") = "Ejercicio N°1", "Ejercicio N°1\Ejercicio N°1.csproj", "{182F1B93-C12D-42A1-A2FB-8515E5DEC16D}"
EndProject
Project("{FAE04EC0-301F-11D3-BF4B-00C04F79EFBC}") = "Ejercicio N°2", "Ejercicio N°2\Ejercicio N°2.csproj", "{E9C06303-8CA3-4173-BC35-9C5B797796D1}"
EndProject
Project("{FAE04EC0-301F-11D3-BF4B-00C04F79EFBC}") = "Ejercicio N°5", "Ejercicio N°5\Ejercicio N°5.csproj", "{297114A6-D499-43EB-A49A-6E22DA478B62}"
EndProject
Global
	GlobalSection(SolutionConfigurationPlatforms) = preSolution
		Debug|Any CPU = Debug|Any CPU
		Release|Any CPU = Release|Any CPU
	EndGlobalSection
	GlobalSection(ProjectConfigurationPlatforms) = postSolution
		{182F1B93-C12D-42A1-A2FB-8515E5DEC16D}.Debug|Any CPU.ActiveCfg = Debug|Any CPU
		{182F1B93-C12D-42A1-A2FB-8515E5DEC16D}.Debug|Any CPU.Build.0 = Debug|Any CPU
		{182F1B93-C12D-42A1-A2FB-8515E5DEC16D}.Release|Any CPU.ActiveCfg = Release|Any CPU
		{182F1B93-C12D-42A1-A2FB-8515E5DEC16D}.Release|Any CPU.Build.0 = Release|Any CPU
		{E9C06303-8CA3-4173-BC35-9C5B797796D1}.Debug|Any CPU.ActiveCfg = Debug|Any CPU
		{E9C06303-8CA3-4173-BC35-9C5B797796D1}.Debug|Any CPU.Build.0 = Debug|Any CPU
		{E9C06303-8CA3-4173-BC35-9C5B797796D1}.Release|Any CPU.ActiveCfg = Release|Any CPU
		{E9C06303-8CA3-4173-BC35-9C5B797796D1}.Release|Any CPU.Build.0 = Release|Any CPU
		{297114A6-D499-43EB-A49A-6E22DA478B62}.Debug|Any CPU.ActiveCfg = Debug|Any CPU
		{297114A6-D499-43EB-A49A-6E22DA478B62}.Debug|Any CPU.Build.0 = Debug|Any CPU
		{297114A6-D499-43EB-A49A-6E22DA478B62}.Release|Any CPU.ActiveCfg = Release|Any CPU
		{297114A6-D499-43EB-A49A-6E22DA478B62}.Release|Any CPU.Build.0 = Release|Any CPU
	EndGlobalSection
	GlobalSection(SolutionProperties) = preSolution
		HideSolutionNode = FALSE
	EndGlobalSection
	GlobalSection(ExtensibilityGlobals) = postSolution
		SolutionGuid = {7127C35D-EB0B-4578-89C1-1B2D97B2CB51}
	EndGlobalSection
EndGlobal
