
Microsoft Visual Studio Solution File, Format Version 12.00
# Visual Studio Version 17
VisualStudioVersion = 17.10.34916.146
MinimumVisualStudioVersion = 10.0.40219.1
Project("{FAE04EC0-301F-11D3-BF4B-00C04F79EFBC}") = "Entidades", "Entidades\Entidades.csproj", "{DC13E4D3-2E66-47C5-A0CD-EE5025559061}"
EndProject
Project("{FAE04EC0-301F-11D3-BF4B-00C04F79EFBC}") = "Test", "Test\Test.csproj", "{59FCC4DF-B289-43B2-927A-90A24F744373}"
EndProject
Global
	GlobalSection(SolutionConfigurationPlatforms) = preSolution
		Debug|Any CPU = Debug|Any CPU
		Release|Any CPU = Release|Any CPU
	EndGlobalSection
	GlobalSection(ProjectConfigurationPlatforms) = postSolution
		{DC13E4D3-2E66-47C5-A0CD-EE5025559061}.Debug|Any CPU.ActiveCfg = Debug|Any CPU
		{DC13E4D3-2E66-47C5-A0CD-EE5025559061}.Debug|Any CPU.Build.0 = Debug|Any CPU
		{DC13E4D3-2E66-47C5-A0CD-EE5025559061}.Release|Any CPU.ActiveCfg = Release|Any CPU
		{DC13E4D3-2E66-47C5-A0CD-EE5025559061}.Release|Any CPU.Build.0 = Release|Any CPU
		{59FCC4DF-B289-43B2-927A-90A24F744373}.Debug|Any CPU.ActiveCfg = Debug|Any CPU
		{59FCC4DF-B289-43B2-927A-90A24F744373}.Debug|Any CPU.Build.0 = Debug|Any CPU
		{59FCC4DF-B289-43B2-927A-90A24F744373}.Release|Any CPU.ActiveCfg = Release|Any CPU
		{59FCC4DF-B289-43B2-927A-90A24F744373}.Release|Any CPU.Build.0 = Release|Any CPU
	EndGlobalSection
	GlobalSection(SolutionProperties) = preSolution
		HideSolutionNode = FALSE
	EndGlobalSection
	GlobalSection(ExtensibilityGlobals) = postSolution
		SolutionGuid = {E43EB4A7-FC14-4646-9483-7C41B65F33FE}
	EndGlobalSection
EndGlobal
