
Microsoft Visual Studio Solution File, Format Version 12.00
# Visual Studio Version 17
VisualStudioVersion = 17.9.34723.18
MinimumVisualStudioVersion = 10.0.40219.1
<<<<<<< HEAD
Project("{FAE04EC0-301F-11D3-BF4B-00C04F79EFBC}") = "Ejercicio N°1", "EjercicioN1\Ejercicio N°1.csproj", "{083BD81B-0AAC-4AFA-94A0-09ACCC91C887}"
=======
Project("{FAE04EC0-301F-11D3-BF4B-00C04F79EFBC}") = "BibliotecaDeClases", "BibliotecaDeClases\BibliotecaDeClases.csproj", "{BF83CF3E-63E9-4E60-BAB1-D83FD76A5BDB}"
>>>>>>> 71db47482cd914156a3b071ff514904ab8bc49bb
EndProject
Project("{FAE04EC0-301F-11D3-BF4B-00C04F79EFBC}") = "Ejercicio N°1", "Ejercicio N°1\Ejercicio N°1.csproj", "{034635EB-B7DD-4B05-AE54-5C7C50AB672A}"
EndProject
Project("{FAE04EC0-301F-11D3-BF4B-00C04F79EFBC}") = "Ejercicio N°2", "Ejercicio N°2\Ejercicio N°2.csproj", "{D6115868-9A3A-4DEC-9DF5-24489E246556}"
EndProject
Global
	GlobalSection(SolutionConfigurationPlatforms) = preSolution
		Debug|Any CPU = Debug|Any CPU
		Release|Any CPU = Release|Any CPU
	EndGlobalSection
	GlobalSection(ProjectConfigurationPlatforms) = postSolution
		{BF83CF3E-63E9-4E60-BAB1-D83FD76A5BDB}.Debug|Any CPU.ActiveCfg = Debug|Any CPU
		{BF83CF3E-63E9-4E60-BAB1-D83FD76A5BDB}.Debug|Any CPU.Build.0 = Debug|Any CPU
		{BF83CF3E-63E9-4E60-BAB1-D83FD76A5BDB}.Release|Any CPU.ActiveCfg = Release|Any CPU
		{BF83CF3E-63E9-4E60-BAB1-D83FD76A5BDB}.Release|Any CPU.Build.0 = Release|Any CPU
		{034635EB-B7DD-4B05-AE54-5C7C50AB672A}.Debug|Any CPU.ActiveCfg = Debug|Any CPU
		{034635EB-B7DD-4B05-AE54-5C7C50AB672A}.Debug|Any CPU.Build.0 = Debug|Any CPU
		{034635EB-B7DD-4B05-AE54-5C7C50AB672A}.Release|Any CPU.ActiveCfg = Release|Any CPU
		{034635EB-B7DD-4B05-AE54-5C7C50AB672A}.Release|Any CPU.Build.0 = Release|Any CPU
		{D6115868-9A3A-4DEC-9DF5-24489E246556}.Debug|Any CPU.ActiveCfg = Debug|Any CPU
		{D6115868-9A3A-4DEC-9DF5-24489E246556}.Debug|Any CPU.Build.0 = Debug|Any CPU
		{D6115868-9A3A-4DEC-9DF5-24489E246556}.Release|Any CPU.ActiveCfg = Release|Any CPU
		{D6115868-9A3A-4DEC-9DF5-24489E246556}.Release|Any CPU.Build.0 = Release|Any CPU
	EndGlobalSection
	GlobalSection(SolutionProperties) = preSolution
		HideSolutionNode = FALSE
	EndGlobalSection
	GlobalSection(ExtensibilityGlobals) = postSolution
		SolutionGuid = {F4547267-3222-40C9-B461-964F3FECA15C}
	EndGlobalSection
EndGlobal
