
Microsoft Visual Studio Solution File, Format Version 12.00
# Visual Studio Version 17
VisualStudioVersion = 17.9.34723.18
MinimumVisualStudioVersion = 10.0.40219.1
Project("{FAE04EC0-301F-11D3-BF4B-00C04F79EFBC}") = "Ejercicio N°1", "Ejercicio N°1\Ejercicio N°1.csproj", "{D58138DA-CA3F-4730-95FB-7C3EE5969211}"
EndProject
Project("{FAE04EC0-301F-11D3-BF4B-00C04F79EFBC}") = "Ejercicio N°2", "Ejercicio N°2\Ejercicio N°2.csproj", "{A02B54DA-DABA-4353-9241-042A9018570D}"
EndProject
Project("{FAE04EC0-301F-11D3-BF4B-00C04F79EFBC}") = "Ejercicio N°3", "Ejercicio N°3\Ejercicio N°3.csproj", "{F4419AA6-41B6-463B-9A2E-5E601C2ED6EA}"
EndProject
Global
	GlobalSection(SolutionConfigurationPlatforms) = preSolution
		Debug|Any CPU = Debug|Any CPU
		Release|Any CPU = Release|Any CPU
	EndGlobalSection
	GlobalSection(ProjectConfigurationPlatforms) = postSolution
		{D58138DA-CA3F-4730-95FB-7C3EE5969211}.Debug|Any CPU.ActiveCfg = Debug|Any CPU
		{D58138DA-CA3F-4730-95FB-7C3EE5969211}.Debug|Any CPU.Build.0 = Debug|Any CPU
		{D58138DA-CA3F-4730-95FB-7C3EE5969211}.Release|Any CPU.ActiveCfg = Release|Any CPU
		{D58138DA-CA3F-4730-95FB-7C3EE5969211}.Release|Any CPU.Build.0 = Release|Any CPU
		{A02B54DA-DABA-4353-9241-042A9018570D}.Debug|Any CPU.ActiveCfg = Debug|Any CPU
		{A02B54DA-DABA-4353-9241-042A9018570D}.Debug|Any CPU.Build.0 = Debug|Any CPU
		{A02B54DA-DABA-4353-9241-042A9018570D}.Release|Any CPU.ActiveCfg = Release|Any CPU
		{A02B54DA-DABA-4353-9241-042A9018570D}.Release|Any CPU.Build.0 = Release|Any CPU
		{F4419AA6-41B6-463B-9A2E-5E601C2ED6EA}.Debug|Any CPU.ActiveCfg = Debug|Any CPU
		{F4419AA6-41B6-463B-9A2E-5E601C2ED6EA}.Debug|Any CPU.Build.0 = Debug|Any CPU
		{F4419AA6-41B6-463B-9A2E-5E601C2ED6EA}.Release|Any CPU.ActiveCfg = Release|Any CPU
		{F4419AA6-41B6-463B-9A2E-5E601C2ED6EA}.Release|Any CPU.Build.0 = Release|Any CPU
	EndGlobalSection
	GlobalSection(SolutionProperties) = preSolution
		HideSolutionNode = FALSE
	EndGlobalSection
	GlobalSection(ExtensibilityGlobals) = postSolution
		SolutionGuid = {C7B23E72-6269-46A7-B9CE-EEAA97C9DEE7}
	EndGlobalSection
EndGlobal
