
Microsoft Visual Studio Solution File, Format Version 12.00
# Visual Studio Version 17
VisualStudioVersion = 17.10.34916.146
MinimumVisualStudioVersion = 10.0.40219.1
Project("{FAE04EC0-301F-11D3-BF4B-00C04F79EFBC}") = "Test", "Test\Test.csproj", "{09DE8B7E-69FD-457B-AF52-2BC7B64600A6}"
EndProject
Project("{FAE04EC0-301F-11D3-BF4B-00C04F79EFBC}") = "Entidades", "Entidades\Entidades.csproj", "{354C0955-9BB4-41F8-B556-6A845AACD0FD}"
EndProject
Global
	GlobalSection(SolutionConfigurationPlatforms) = preSolution
		Debug|Any CPU = Debug|Any CPU
		Release|Any CPU = Release|Any CPU
	EndGlobalSection
	GlobalSection(ProjectConfigurationPlatforms) = postSolution
		{09DE8B7E-69FD-457B-AF52-2BC7B64600A6}.Debug|Any CPU.ActiveCfg = Debug|Any CPU
		{09DE8B7E-69FD-457B-AF52-2BC7B64600A6}.Debug|Any CPU.Build.0 = Debug|Any CPU
		{09DE8B7E-69FD-457B-AF52-2BC7B64600A6}.Release|Any CPU.ActiveCfg = Release|Any CPU
		{09DE8B7E-69FD-457B-AF52-2BC7B64600A6}.Release|Any CPU.Build.0 = Release|Any CPU
		{354C0955-9BB4-41F8-B556-6A845AACD0FD}.Debug|Any CPU.ActiveCfg = Debug|Any CPU
		{354C0955-9BB4-41F8-B556-6A845AACD0FD}.Debug|Any CPU.Build.0 = Debug|Any CPU
		{354C0955-9BB4-41F8-B556-6A845AACD0FD}.Release|Any CPU.ActiveCfg = Release|Any CPU
		{354C0955-9BB4-41F8-B556-6A845AACD0FD}.Release|Any CPU.Build.0 = Release|Any CPU
	EndGlobalSection
	GlobalSection(SolutionProperties) = preSolution
		HideSolutionNode = FALSE
	EndGlobalSection
	GlobalSection(ExtensibilityGlobals) = postSolution
		SolutionGuid = {5ED04CEE-6C61-44F0-9144-089CFD208867}
	EndGlobalSection
EndGlobal
