
Microsoft Visual Studio Solution File, Format Version 12.00
# Visual Studio Version 17
VisualStudioVersion = 17.9.34723.18
MinimumVisualStudioVersion = 10.0.40219.1
Project("{FAE04EC0-301F-11D3-BF4B-00C04F79EFBC}") = "Ejercicio N°1", "Ejercicio N°1\Ejercicio N°1.csproj", "{B062253C-2DD8-4317-9FC2-9A8E10C1E877}"
EndProject
Project("{FAE04EC0-301F-11D3-BF4B-00C04F79EFBC}") = "Biblioteca Clase 3", "BIblioteca Clase 3\Biblioteca Clase 3.csproj", "{0E9E68EE-0F85-42B0-A14A-203FDBCC183C}"
EndProject
Project("{FAE04EC0-301F-11D3-BF4B-00C04F79EFBC}") = "Ejercicio N°2", "Ejercicio N°2\Ejercicio N°2.csproj", "{6BEB4699-682E-4B13-984E-5CBE025F790F}"
EndProject
Project("{FAE04EC0-301F-11D3-BF4B-00C04F79EFBC}") = "Ejercicio N°3", "Ejercicio N°3\Ejercicio N°3.csproj", "{E9CE1E2E-FEBC-4B8A-8B55-AA2877E902F6}"
EndProject
Project("{FAE04EC0-301F-11D3-BF4B-00C04F79EFBC}") = "Ejercicio N°4", "Ejercicio N°4\Ejercicio N°4.csproj", "{F1BB4000-2FFA-4DB2-B0E5-D1EA0DF5F681}"
EndProject
Project("{FAE04EC0-301F-11D3-BF4B-00C04F79EFBC}") = "Ejercicio N°5", "Ejercicio N°5\Ejercicio N°5.csproj", "{4B4D244D-74C5-4DA0-ABCA-4FC6A4316F08}"
EndProject
Project("{FAE04EC0-301F-11D3-BF4B-00C04F79EFBC}") = "Ejercicio N°6", "Ejercicio N°6\Ejercicio N°6.csproj", "{214F71E0-F35B-406D-83F6-8475B02B64A4}"
EndProject
Global
	GlobalSection(SolutionConfigurationPlatforms) = preSolution
		Debug|Any CPU = Debug|Any CPU
		Release|Any CPU = Release|Any CPU
	EndGlobalSection
	GlobalSection(ProjectConfigurationPlatforms) = postSolution
		{B062253C-2DD8-4317-9FC2-9A8E10C1E877}.Debug|Any CPU.ActiveCfg = Debug|Any CPU
		{B062253C-2DD8-4317-9FC2-9A8E10C1E877}.Debug|Any CPU.Build.0 = Debug|Any CPU
		{B062253C-2DD8-4317-9FC2-9A8E10C1E877}.Release|Any CPU.ActiveCfg = Release|Any CPU
		{B062253C-2DD8-4317-9FC2-9A8E10C1E877}.Release|Any CPU.Build.0 = Release|Any CPU
		{0E9E68EE-0F85-42B0-A14A-203FDBCC183C}.Debug|Any CPU.ActiveCfg = Debug|Any CPU
		{0E9E68EE-0F85-42B0-A14A-203FDBCC183C}.Debug|Any CPU.Build.0 = Debug|Any CPU
		{0E9E68EE-0F85-42B0-A14A-203FDBCC183C}.Release|Any CPU.ActiveCfg = Release|Any CPU
		{0E9E68EE-0F85-42B0-A14A-203FDBCC183C}.Release|Any CPU.Build.0 = Release|Any CPU
		{6BEB4699-682E-4B13-984E-5CBE025F790F}.Debug|Any CPU.ActiveCfg = Debug|Any CPU
		{6BEB4699-682E-4B13-984E-5CBE025F790F}.Debug|Any CPU.Build.0 = Debug|Any CPU
		{6BEB4699-682E-4B13-984E-5CBE025F790F}.Release|Any CPU.ActiveCfg = Release|Any CPU
		{6BEB4699-682E-4B13-984E-5CBE025F790F}.Release|Any CPU.Build.0 = Release|Any CPU
		{E9CE1E2E-FEBC-4B8A-8B55-AA2877E902F6}.Debug|Any CPU.ActiveCfg = Debug|Any CPU
		{E9CE1E2E-FEBC-4B8A-8B55-AA2877E902F6}.Debug|Any CPU.Build.0 = Debug|Any CPU
		{E9CE1E2E-FEBC-4B8A-8B55-AA2877E902F6}.Release|Any CPU.ActiveCfg = Release|Any CPU
		{E9CE1E2E-FEBC-4B8A-8B55-AA2877E902F6}.Release|Any CPU.Build.0 = Release|Any CPU
		{F1BB4000-2FFA-4DB2-B0E5-D1EA0DF5F681}.Debug|Any CPU.ActiveCfg = Debug|Any CPU
		{F1BB4000-2FFA-4DB2-B0E5-D1EA0DF5F681}.Debug|Any CPU.Build.0 = Debug|Any CPU
		{F1BB4000-2FFA-4DB2-B0E5-D1EA0DF5F681}.Release|Any CPU.ActiveCfg = Release|Any CPU
		{F1BB4000-2FFA-4DB2-B0E5-D1EA0DF5F681}.Release|Any CPU.Build.0 = Release|Any CPU
		{4B4D244D-74C5-4DA0-ABCA-4FC6A4316F08}.Debug|Any CPU.ActiveCfg = Debug|Any CPU
		{4B4D244D-74C5-4DA0-ABCA-4FC6A4316F08}.Debug|Any CPU.Build.0 = Debug|Any CPU
		{4B4D244D-74C5-4DA0-ABCA-4FC6A4316F08}.Release|Any CPU.ActiveCfg = Release|Any CPU
		{4B4D244D-74C5-4DA0-ABCA-4FC6A4316F08}.Release|Any CPU.Build.0 = Release|Any CPU
		{214F71E0-F35B-406D-83F6-8475B02B64A4}.Debug|Any CPU.ActiveCfg = Debug|Any CPU
		{214F71E0-F35B-406D-83F6-8475B02B64A4}.Debug|Any CPU.Build.0 = Debug|Any CPU
		{214F71E0-F35B-406D-83F6-8475B02B64A4}.Release|Any CPU.ActiveCfg = Release|Any CPU
		{214F71E0-F35B-406D-83F6-8475B02B64A4}.Release|Any CPU.Build.0 = Release|Any CPU
	EndGlobalSection
	GlobalSection(SolutionProperties) = preSolution
		HideSolutionNode = FALSE
	EndGlobalSection
	GlobalSection(ExtensibilityGlobals) = postSolution
		SolutionGuid = {4072E610-38CA-4009-A392-3669218461F0}
	EndGlobalSection
EndGlobal
